
Microsoft Visual Studio Solution File, Format Version 12.00
# Visual Studio Version 17
VisualStudioVersion = 17.3.32825.248
MinimumVisualStudioVersion = 10.0.40219.1
Project("{9A19103F-16F7-4668-BE54-9A1E7A4F7556}") = "Lab_4-6_NET", "Lab_4_NET\Lab_4-6_NET.csproj", "{12FC75E2-7A19-4B8D-9795-959F2CF53BD5}"
EndProject
Global
	GlobalSection(SolutionConfigurationPlatforms) = preSolution
		Debug|Any CPU = Debug|Any CPU
		Release|Any CPU = Release|Any CPU
	EndGlobalSection
	GlobalSection(ProjectConfigurationPlatforms) = postSolution
		{12FC75E2-7A19-4B8D-9795-959F2CF53BD5}.Debug|Any CPU.ActiveCfg = Debug|Any CPU
		{12FC75E2-7A19-4B8D-9795-959F2CF53BD5}.Debug|Any CPU.Build.0 = Debug|Any CPU
		{12FC75E2-7A19-4B8D-9795-959F2CF53BD5}.Release|Any CPU.ActiveCfg = Release|Any CPU
		{12FC75E2-7A19-4B8D-9795-959F2CF53BD5}.Release|Any CPU.Build.0 = Release|Any CPU
	EndGlobalSection
	GlobalSection(SolutionProperties) = preSolution
		HideSolutionNode = FALSE
	EndGlobalSection
	GlobalSection(ExtensibilityGlobals) = postSolution
		SolutionGuid = {ED89EFC4-D844-4EE0-9524-8C934D487914}
	EndGlobalSection
EndGlobal
